
Microsoft Visual Studio Solution File, Format Version 12.00
# Visual Studio 14
VisualStudioVersion = 14.0.25420.1
MinimumVisualStudioVersion = 10.0.40219.1
Project("{FAE04EC0-301F-11D3-BF4B-00C04F79EFBC}") = "ros.Data", "ros.Data\ros.Data.csproj", "{11757965-A3BA-4A65-B264-B0D819726DFA}"
EndProject
Project("{FAE04EC0-301F-11D3-BF4B-00C04F79EFBC}") = "ros.Data.Tests", "ros.Data.Tests\ros.Data.Tests.csproj", "{AE4ECFFE-E619-480D-A196-3060908075F0}"
EndProject
Global
	GlobalSection(SolutionConfigurationPlatforms) = preSolution
		Debug|Any CPU = Debug|Any CPU
		Release|Any CPU = Release|Any CPU
	EndGlobalSection
	GlobalSection(ProjectConfigurationPlatforms) = postSolution
		{11757965-A3BA-4A65-B264-B0D819726DFA}.Debug|Any CPU.ActiveCfg = Debug|Any CPU
		{11757965-A3BA-4A65-B264-B0D819726DFA}.Debug|Any CPU.Build.0 = Debug|Any CPU
		{11757965-A3BA-4A65-B264-B0D819726DFA}.Release|Any CPU.ActiveCfg = Release|Any CPU
		{11757965-A3BA-4A65-B264-B0D819726DFA}.Release|Any CPU.Build.0 = Release|Any CPU
		{AE4ECFFE-E619-480D-A196-3060908075F0}.Debug|Any CPU.ActiveCfg = Debug|Any CPU
		{AE4ECFFE-E619-480D-A196-3060908075F0}.Debug|Any CPU.Build.0 = Debug|Any CPU
		{AE4ECFFE-E619-480D-A196-3060908075F0}.Release|Any CPU.ActiveCfg = Release|Any CPU
		{AE4ECFFE-E619-480D-A196-3060908075F0}.Release|Any CPU.Build.0 = Release|Any CPU
	EndGlobalSection
	GlobalSection(SolutionProperties) = preSolution
		HideSolutionNode = FALSE
	EndGlobalSection
EndGlobal
